{
  "name": "basic-math-npm-package",
  "version": "1.0.0",
  "lockfileVersion": 3,
  "requires": true,
  "packages": {
    "": {
      "name": "basic-math-npm-package",
      "version": "1.0.0",
      "license": "ISC",
      "dependencies": {
        "basic-math-npm-package": "^1.0.0"
      }
    },
    "node_modules/basic-math-npm-package": {
      "version": "1.0.0",
      "resolved": "https://registry.npmjs.org/basic-math-npm-package/-/basic-math-npm-package-1.0.0.tgz",
      "integrity": "sha512-n3npqX4lB3Yd1J9p0AbNga2Gmz466CVRnPWf/b5FCuuz5h7/N8M8RgqcAWkWrCfNkyB9YuVhv9H+LY/JLZerFw=="
    }
  }
}
